
Microsoft Visual Studio Solution File, Format Version 12.00
# Visual Studio Version 16
VisualStudioVersion = 16.0.29209.152
MinimumVisualStudioVersion = 10.0.40219.1
Project("{9A19103F-16F7-4668-BE54-9A1E7A4F7556}") = "Xbehave.Specs", "Xbehave.Specs\Xbehave.Specs.csproj", "{B6B53967-EFA6-44A9-8ACB-DCC1DAB7F9BA}"
EndProject
Project("{9A19103F-16F7-4668-BE54-9A1E7A4F7556}") = "XUnitTests", "XUnitTests\XUnitTests.csproj", "{5AFA2142-AE84-4F28-9D38-1F36A31FB529}"
EndProject
Global
	GlobalSection(SolutionConfigurationPlatforms) = preSolution
		Debug|Any CPU = Debug|Any CPU
		Release|Any CPU = Release|Any CPU
	EndGlobalSection
	GlobalSection(ProjectConfigurationPlatforms) = postSolution
		{B6B53967-EFA6-44A9-8ACB-DCC1DAB7F9BA}.Debug|Any CPU.ActiveCfg = Debug|Any CPU
		{B6B53967-EFA6-44A9-8ACB-DCC1DAB7F9BA}.Debug|Any CPU.Build.0 = Debug|Any CPU
		{B6B53967-EFA6-44A9-8ACB-DCC1DAB7F9BA}.Release|Any CPU.ActiveCfg = Release|Any CPU
		{B6B53967-EFA6-44A9-8ACB-DCC1DAB7F9BA}.Release|Any CPU.Build.0 = Release|Any CPU
		{5AFA2142-AE84-4F28-9D38-1F36A31FB529}.Debug|Any CPU.ActiveCfg = Debug|Any CPU
		{5AFA2142-AE84-4F28-9D38-1F36A31FB529}.Debug|Any CPU.Build.0 = Debug|Any CPU
		{5AFA2142-AE84-4F28-9D38-1F36A31FB529}.Release|Any CPU.ActiveCfg = Release|Any CPU
		{5AFA2142-AE84-4F28-9D38-1F36A31FB529}.Release|Any CPU.Build.0 = Release|Any CPU
	EndGlobalSection
	GlobalSection(SolutionProperties) = preSolution
		HideSolutionNode = FALSE
	EndGlobalSection
	GlobalSection(ExtensibilityGlobals) = postSolution
		SolutionGuid = {01A59EC6-35FF-4B61-AF55-38004DD00B61}
	EndGlobalSection
EndGlobal
